
Microsoft Visual Studio Solution File, Format Version 12.00
# Visual Studio Version 17
VisualStudioVersion = 17.8.34309.116
MinimumVisualStudioVersion = 10.0.40219.1
Project("{FAE04EC0-301F-11D3-BF4B-00C04F79EFBC}") = "LicenceDemo", "LicenceDemo\LicenceDemo.csproj", "{0B04A584-2314-4366-8F2D-6FC941FBB72A}"
EndProject
Project("{FAE04EC0-301F-11D3-BF4B-00C04F79EFBC}") = "LicenceCommon", "LicenceCommon\LicenceCommon.csproj", "{0C5F638D-2FF8-42C0-ADA6-07EAEE1E31D0}"
EndProject
Project("{FAE04EC0-301F-11D3-BF4B-00C04F79EFBC}") = "LicenceGenerator", "LicenceGenerator\LicenceGenerator.csproj", "{D4F4F24F-3809-4C26-8CD2-1B07D6E3F4AB}"
EndProject
Global
	GlobalSection(SolutionConfigurationPlatforms) = preSolution
		Debug|Any CPU = Debug|Any CPU
		Release|Any CPU = Release|Any CPU
	EndGlobalSection
	GlobalSection(ProjectConfigurationPlatforms) = postSolution
		{0B04A584-2314-4366-8F2D-6FC941FBB72A}.Debug|Any CPU.ActiveCfg = Debug|Any CPU
		{0B04A584-2314-4366-8F2D-6FC941FBB72A}.Debug|Any CPU.Build.0 = Debug|Any CPU
		{0B04A584-2314-4366-8F2D-6FC941FBB72A}.Release|Any CPU.ActiveCfg = Release|Any CPU
		{0B04A584-2314-4366-8F2D-6FC941FBB72A}.Release|Any CPU.Build.0 = Release|Any CPU
		{0C5F638D-2FF8-42C0-ADA6-07EAEE1E31D0}.Debug|Any CPU.ActiveCfg = Debug|Any CPU
		{0C5F638D-2FF8-42C0-ADA6-07EAEE1E31D0}.Debug|Any CPU.Build.0 = Debug|Any CPU
		{0C5F638D-2FF8-42C0-ADA6-07EAEE1E31D0}.Release|Any CPU.ActiveCfg = Release|Any CPU
		{0C5F638D-2FF8-42C0-ADA6-07EAEE1E31D0}.Release|Any CPU.Build.0 = Release|Any CPU
		{D4F4F24F-3809-4C26-8CD2-1B07D6E3F4AB}.Debug|Any CPU.ActiveCfg = Debug|Any CPU
		{D4F4F24F-3809-4C26-8CD2-1B07D6E3F4AB}.Debug|Any CPU.Build.0 = Debug|Any CPU
		{D4F4F24F-3809-4C26-8CD2-1B07D6E3F4AB}.Release|Any CPU.ActiveCfg = Release|Any CPU
		{D4F4F24F-3809-4C26-8CD2-1B07D6E3F4AB}.Release|Any CPU.Build.0 = Release|Any CPU
	EndGlobalSection
	GlobalSection(SolutionProperties) = preSolution
		HideSolutionNode = FALSE
	EndGlobalSection
	GlobalSection(ExtensibilityGlobals) = postSolution
		SolutionGuid = {C23B171D-9E2E-4D68-8A0E-637C75621A48}
	EndGlobalSection
EndGlobal
